{
  "originHash" : "228f4b622ae10a8555d66950540679354c65c407c6738a23f8bba37fe24630c0",
  "pins" : [
    {
      "identity" : "confettiswiftui",
      "kind" : "remoteSourceControl",
      "location" : "https://github.com/simibac/ConfettiSwiftUI.git",
      "state" : {
        "revision" : "9ae5bc2ce2149980884d4612321c3a266d6bf82c",
        "version" : "3.0.0"
      }
    },
    {
      "identity" : "durationpicker",
      "kind" : "remoteSourceControl",
      "location" : "https://github.com/mac-gallagher/DurationPicker.git",
      "state" : {
        "revision" : "798a9f9b6c162eb6f00deb29d10175c00d1caa25",
        "version" : "1.0.2"
      }
    }
  ],
  "version" : 3
}
